
Microsoft Visual Studio Solution File, Format Version 12.00
# Visual Studio Version 16
VisualStudioVersion = 16.0.32630.194
MinimumVisualStudioVersion = 10.0.40219.1
Project("{FAE04EC0-301F-11D3-BF4B-00C04F79EFBC}") = "HackerRankTest", "HackerRankTest.csproj", "{29798BEC-B23A-48D4-BCD8-7EBD94063647}"
EndProject
Global
	GlobalSection(SolutionConfigurationPlatforms) = preSolution
		Debug|Any CPU = Debug|Any CPU
		Release|Any CPU = Release|Any CPU
	EndGlobalSection
	GlobalSection(ProjectConfigurationPlatforms) = postSolution
		{29798BEC-B23A-48D4-BCD8-7EBD94063647}.Debug|Any CPU.ActiveCfg = Debug|Any CPU
		{29798BEC-B23A-48D4-BCD8-7EBD94063647}.Debug|Any CPU.Build.0 = Debug|Any CPU
		{29798BEC-B23A-48D4-BCD8-7EBD94063647}.Release|Any CPU.ActiveCfg = Release|Any CPU
		{29798BEC-B23A-48D4-BCD8-7EBD94063647}.Release|Any CPU.Build.0 = Release|Any CPU
	EndGlobalSection
	GlobalSection(SolutionProperties) = preSolution
		HideSolutionNode = FALSE
	EndGlobalSection
	GlobalSection(ExtensibilityGlobals) = postSolution
		SolutionGuid = {FE005DFA-7CB4-4FC6-ABD7-F99760A54579}
	EndGlobalSection
EndGlobal
